
Microsoft Visual Studio Solution File, Format Version 12.00
# Visual Studio Version 17
VisualStudioVersion = 17.13.35931.197 d17.13
MinimumVisualStudioVersion = 10.0.40219.1
Project("{FAE04EC0-301F-11D3-BF4B-00C04F79EFBC}") = "Ejercicio-1", "Ejercicio-1\Ejercicio-1.csproj", "{8FC318C0-5B7B-43DF-A3C3-1B5B7AD5557D}"
EndProject
Global
	GlobalSection(SolutionConfigurationPlatforms) = preSolution
		Debug|Any CPU = Debug|Any CPU
		Release|Any CPU = Release|Any CPU
	EndGlobalSection
	GlobalSection(ProjectConfigurationPlatforms) = postSolution
		{8FC318C0-5B7B-43DF-A3C3-1B5B7AD5557D}.Debug|Any CPU.ActiveCfg = Debug|Any CPU
		{8FC318C0-5B7B-43DF-A3C3-1B5B7AD5557D}.Debug|Any CPU.Build.0 = Debug|Any CPU
		{8FC318C0-5B7B-43DF-A3C3-1B5B7AD5557D}.Release|Any CPU.ActiveCfg = Release|Any CPU
		{8FC318C0-5B7B-43DF-A3C3-1B5B7AD5557D}.Release|Any CPU.Build.0 = Release|Any CPU
	EndGlobalSection
	GlobalSection(SolutionProperties) = preSolution
		HideSolutionNode = FALSE
	EndGlobalSection
	GlobalSection(ExtensibilityGlobals) = postSolution
		SolutionGuid = {B4888552-FB08-4275-8CFB-5899F814F37B}
	EndGlobalSection
EndGlobal
